
Microsoft Visual Studio Solution File, Format Version 12.00
# Visual Studio 15
VisualStudioVersion = 15.0.27703.2035
MinimumVisualStudioVersion = 10.0.40219.1
Project("{FAE04EC0-301F-11D3-BF4B-00C04F79EFBC}") = "readingXML", "readingXML\readingXML.csproj", "{A7DA9EA2-9016-45CC-8E89-30091FACFC44}"
EndProject
Global
	GlobalSection(SolutionConfigurationPlatforms) = preSolution
		Debug|Any CPU = Debug|Any CPU
		Release|Any CPU = Release|Any CPU
	EndGlobalSection
	GlobalSection(ProjectConfigurationPlatforms) = postSolution
		{A7DA9EA2-9016-45CC-8E89-30091FACFC44}.Debug|Any CPU.ActiveCfg = Debug|Any CPU
		{A7DA9EA2-9016-45CC-8E89-30091FACFC44}.Debug|Any CPU.Build.0 = Debug|Any CPU
		{A7DA9EA2-9016-45CC-8E89-30091FACFC44}.Release|Any CPU.ActiveCfg = Release|Any CPU
		{A7DA9EA2-9016-45CC-8E89-30091FACFC44}.Release|Any CPU.Build.0 = Release|Any CPU
	EndGlobalSection
	GlobalSection(SolutionProperties) = preSolution
		HideSolutionNode = FALSE
	EndGlobalSection
	GlobalSection(ExtensibilityGlobals) = postSolution
		SolutionGuid = {E8A368B1-F53A-4F03-AE0F-30F1C6C75F31}
	EndGlobalSection
EndGlobal
